# THIS IS AN AUTOGENERATED FILE. DO NOT EDIT THIS FILE DIRECTLY.
# yarn lockfile v1


"@types/ramda@^0.27.11":
  version "0.27.11"
  resolved "https://registry.yarnpkg.com/@types/ramda/-/ramda-0.27.11.tgz#a2efedc1fecc0faa2d3530eb53cf468e219f7c51"
  integrity sha512-pojA0+wBhjMWfwZ1tAea/OdUqZxaRQOi/vHldthrOIEPdRQdJb/hvU4yM1uHKGTT89ZZpxe43KM1sq5YGxS5lw==
  dependencies:
    ts-toolbelt "^6.3.3"

ramda@^0.27.0:
  version "0.27.0"
  resolved "https://registry.yarnpkg.com/ramda/-/ramda-0.27.0.tgz#915dc29865c0800bf3f69b8fd6c279898b59de43"
  integrity sha512-pVzZdDpWwWqEVVLshWUHjNwuVP7SfcmPraYuqocJp1yo2U1R7P+5QAfDhdItkuoGqIBnBYrtPp7rEPqDn9HlZA==

ts-toolbelt@^6.3.3:
  version "6.13.6"
  resolved "https://registry.yarnpkg.com/ts-toolbelt/-/ts-toolbelt-6.13.6.tgz#4c9fad69bb3389323fe60982f18cd06b72f7d42a"
  integrity sha512-qqIexrhqCNOuSRCrJMOKor8UJxA4DYMB6fNpBmRAKJgmLXNj8TAiuCrs7Nm08fva+MEdQhEXmsnjBQarNSIWZg==
